
Microsoft Visual Studio Solution File, Format Version 12.00
# Visual Studio Version 17
VisualStudioVersion = 17.4.33122.133
MinimumVisualStudioVersion = 10.0.40219.1
Project("{FAE04EC0-301F-11D3-BF4B-00C04F79EFBC}") = "ZD_21", "ZD_20\ZD_21.csproj", "{7431CD97-379E-4A94-B1EB-3C6E8E64A395}"
EndProject
Project("{FAE04EC0-301F-11D3-BF4B-00C04F79EFBC}") = "ZD_23", "ZD_23\ZD_23.csproj", "{02DF6B74-3B58-47A1-9B03-3535A83F303C}"
EndProject
Project("{FAE04EC0-301F-11D3-BF4B-00C04F79EFBC}") = "ZD_19", "ZD_19\ZD_19.csproj", "{C7400A79-A1CE-4376-92F8-611CC511CB85}"
EndProject
Global
	GlobalSection(SolutionConfigurationPlatforms) = preSolution
		Debug|Any CPU = Debug|Any CPU
		Release|Any CPU = Release|Any CPU
	EndGlobalSection
	GlobalSection(ProjectConfigurationPlatforms) = postSolution
		{7431CD97-379E-4A94-B1EB-3C6E8E64A395}.Debug|Any CPU.ActiveCfg = Debug|Any CPU
		{7431CD97-379E-4A94-B1EB-3C6E8E64A395}.Debug|Any CPU.Build.0 = Debug|Any CPU
		{7431CD97-379E-4A94-B1EB-3C6E8E64A395}.Release|Any CPU.ActiveCfg = Release|Any CPU
		{7431CD97-379E-4A94-B1EB-3C6E8E64A395}.Release|Any CPU.Build.0 = Release|Any CPU
		{02DF6B74-3B58-47A1-9B03-3535A83F303C}.Debug|Any CPU.ActiveCfg = Debug|Any CPU
		{02DF6B74-3B58-47A1-9B03-3535A83F303C}.Debug|Any CPU.Build.0 = Debug|Any CPU
		{02DF6B74-3B58-47A1-9B03-3535A83F303C}.Release|Any CPU.ActiveCfg = Release|Any CPU
		{02DF6B74-3B58-47A1-9B03-3535A83F303C}.Release|Any CPU.Build.0 = Release|Any CPU
		{C7400A79-A1CE-4376-92F8-611CC511CB85}.Debug|Any CPU.ActiveCfg = Debug|Any CPU
		{C7400A79-A1CE-4376-92F8-611CC511CB85}.Debug|Any CPU.Build.0 = Debug|Any CPU
		{C7400A79-A1CE-4376-92F8-611CC511CB85}.Release|Any CPU.ActiveCfg = Release|Any CPU
		{C7400A79-A1CE-4376-92F8-611CC511CB85}.Release|Any CPU.Build.0 = Release|Any CPU
	EndGlobalSection
	GlobalSection(SolutionProperties) = preSolution
		HideSolutionNode = FALSE
	EndGlobalSection
	GlobalSection(ExtensibilityGlobals) = postSolution
		SolutionGuid = {F8058885-7FCE-4BB4-9836-089B34ADC83F}
	EndGlobalSection
EndGlobal
